{
  "name": "hackathon-motion-library",
  "version": "0.0.4",
  "lockfileVersion": 2,
  "requires": true,
  "packages": {
    "": {
      "name": "hackathon-motion-library",
      "version": "0.0.4",
      "license": "ISC",
      "dependencies": {
        "@types/animejs": "^3.1.6",
        "animejs": "^3.2.1"
      }
    },
    "node_modules/@types/animejs": {
      "version": "3.1.6",
      "resolved": "https://registry.npmjs.org/@types/animejs/-/animejs-3.1.6.tgz",
      "integrity": "sha512-jYlEdbVTOOLBz1mauqhrigFUFAGde2KCdO/99asxHpF+5zOdz/VjNKbnpNa0oNBhsDNFzmMvvE+V4C8ZkvJdKg=="
    },
    "node_modules/animejs": {
      "version": "3.2.1",
      "resolved": "https://registry.npmjs.org/animejs/-/animejs-3.2.1.tgz",
      "integrity": "sha512-sWno3ugFryK5nhiDm/2BKeFCpZv7vzerWUcUPyAZLDhMek3+S/p418ldZJbJXo5ZUOpfm2kP2XRO4NJcULMy9A=="
    }
  },
  "dependencies": {
    "@types/animejs": {
      "version": "3.1.6",
      "resolved": "https://registry.npmjs.org/@types/animejs/-/animejs-3.1.6.tgz",
      "integrity": "sha512-jYlEdbVTOOLBz1mauqhrigFUFAGde2KCdO/99asxHpF+5zOdz/VjNKbnpNa0oNBhsDNFzmMvvE+V4C8ZkvJdKg=="
    },
    "animejs": {
      "version": "3.2.1",
      "resolved": "https://registry.npmjs.org/animejs/-/animejs-3.2.1.tgz",
      "integrity": "sha512-sWno3ugFryK5nhiDm/2BKeFCpZv7vzerWUcUPyAZLDhMek3+S/p418ldZJbJXo5ZUOpfm2kP2XRO4NJcULMy9A=="
    }
  }
}
